
Microsoft Visual Studio Solution File, Format Version 12.00
# Visual Studio Version 17
VisualStudioVersion = 17.7.34031.279
MinimumVisualStudioVersion = 10.0.40219.1
Project("{FAE04EC0-301F-11D3-BF4B-00C04F79EFBC}") = "Application", "Application\Application.csproj", "{56F4CF3B-DD5A-4BAA-B36D-F08F18FDB019}"
EndProject
Project("{FAE04EC0-301F-11D3-BF4B-00C04F79EFBC}") = "Domain", "Domain\Domain.csproj", "{1820BCE6-8B6A-4333-B662-1207FF11B47B}"
EndProject
Project("{FAE04EC0-301F-11D3-BF4B-00C04F79EFBC}") = "Persistence", "Persistence\Persistence.csproj", "{4786332F-75F2-4C00-B55E-81D3C952BCD7}"
EndProject
Project("{FAE04EC0-301F-11D3-BF4B-00C04F79EFBC}") = "WebAPI", "WebAPI\WebAPI.csproj", "{4D140767-8BEB-4D3A-BAB7-93985DC5FEE2}"
EndProject
Global
	GlobalSection(SolutionConfigurationPlatforms) = preSolution
		Debug|Any CPU = Debug|Any CPU
		Release|Any CPU = Release|Any CPU
	EndGlobalSection
	GlobalSection(ProjectConfigurationPlatforms) = postSolution
		{56F4CF3B-DD5A-4BAA-B36D-F08F18FDB019}.Debug|Any CPU.ActiveCfg = Debug|Any CPU
		{56F4CF3B-DD5A-4BAA-B36D-F08F18FDB019}.Debug|Any CPU.Build.0 = Debug|Any CPU
		{56F4CF3B-DD5A-4BAA-B36D-F08F18FDB019}.Release|Any CPU.ActiveCfg = Release|Any CPU
		{56F4CF3B-DD5A-4BAA-B36D-F08F18FDB019}.Release|Any CPU.Build.0 = Release|Any CPU
		{1820BCE6-8B6A-4333-B662-1207FF11B47B}.Debug|Any CPU.ActiveCfg = Debug|Any CPU
		{1820BCE6-8B6A-4333-B662-1207FF11B47B}.Debug|Any CPU.Build.0 = Debug|Any CPU
		{1820BCE6-8B6A-4333-B662-1207FF11B47B}.Release|Any CPU.ActiveCfg = Release|Any CPU
		{1820BCE6-8B6A-4333-B662-1207FF11B47B}.Release|Any CPU.Build.0 = Release|Any CPU
		{4786332F-75F2-4C00-B55E-81D3C952BCD7}.Debug|Any CPU.ActiveCfg = Debug|Any CPU
		{4786332F-75F2-4C00-B55E-81D3C952BCD7}.Debug|Any CPU.Build.0 = Debug|Any CPU
		{4786332F-75F2-4C00-B55E-81D3C952BCD7}.Release|Any CPU.ActiveCfg = Release|Any CPU
		{4786332F-75F2-4C00-B55E-81D3C952BCD7}.Release|Any CPU.Build.0 = Release|Any CPU
		{4D140767-8BEB-4D3A-BAB7-93985DC5FEE2}.Debug|Any CPU.ActiveCfg = Debug|Any CPU
		{4D140767-8BEB-4D3A-BAB7-93985DC5FEE2}.Debug|Any CPU.Build.0 = Debug|Any CPU
		{4D140767-8BEB-4D3A-BAB7-93985DC5FEE2}.Release|Any CPU.ActiveCfg = Release|Any CPU
		{4D140767-8BEB-4D3A-BAB7-93985DC5FEE2}.Release|Any CPU.Build.0 = Release|Any CPU
	EndGlobalSection
	GlobalSection(SolutionProperties) = preSolution
		HideSolutionNode = FALSE
	EndGlobalSection
	GlobalSection(ExtensibilityGlobals) = postSolution
		SolutionGuid = {9BDC2EE8-FC77-4C40-971D-F3DA73AE3F30}
	EndGlobalSection
EndGlobal
